
Microsoft Visual Studio Solution File, Format Version 12.00
# Visual Studio 15
Project("{FAE04EC0-301F-11D3-BF4B-00C04F79EFBC}") = "Assembly-CSharp", "Assembly-CSharp.csproj", "{1B123ABD-94B0-E0BA-052B-D6DCFF2A18F0}"
EndProject
Project("{FAE04EC0-301F-11D3-BF4B-00C04F79EFBC}") = "Oculus.VR", "Oculus.VR.csproj", "{D715C786-B3B8-9660-C92E-C8113C14FD50}"
EndProject
Project("{FAE04EC0-301F-11D3-BF4B-00C04F79EFBC}") = "Assembly-CSharp-Editor", "Assembly-CSharp-Editor.csproj", "{E22A4E24-BAD8-4E57-3050-DADF45698DD9}"
EndProject
Project("{FAE04EC0-301F-11D3-BF4B-00C04F79EFBC}") = "Oculus.VR.Scripts.Editor", "Oculus.VR.Scripts.Editor.csproj", "{350BFE14-8C55-71BF-3CB2-4F2C4A71D1C8}"
EndProject
Project("{FAE04EC0-301F-11D3-BF4B-00C04F79EFBC}") = "Oculus.VR.Editor", "Oculus.VR.Editor.csproj", "{13986199-46C3-F0DD-88FB-421E7BDC078E}"
EndProject
Global
	GlobalSection(SolutionConfigurationPlatforms) = preSolution
		Debug|Any CPU = Debug|Any CPU
		Release|Any CPU = Release|Any CPU
	EndGlobalSection
	GlobalSection(ProjectConfigurationPlatforms) = postSolution
		{1B123ABD-94B0-E0BA-052B-D6DCFF2A18F0}.Debug|Any CPU.ActiveCfg = Debug|Any CPU
		{1B123ABD-94B0-E0BA-052B-D6DCFF2A18F0}.Debug|Any CPU.Build.0 = Debug|Any CPU
		{1B123ABD-94B0-E0BA-052B-D6DCFF2A18F0}.Release|Any CPU.ActiveCfg = Release|Any CPU
		{1B123ABD-94B0-E0BA-052B-D6DCFF2A18F0}.Release|Any CPU.Build.0 = Release|Any CPU
		{D715C786-B3B8-9660-C92E-C8113C14FD50}.Debug|Any CPU.ActiveCfg = Debug|Any CPU
		{D715C786-B3B8-9660-C92E-C8113C14FD50}.Debug|Any CPU.Build.0 = Debug|Any CPU
		{D715C786-B3B8-9660-C92E-C8113C14FD50}.Release|Any CPU.ActiveCfg = Release|Any CPU
		{D715C786-B3B8-9660-C92E-C8113C14FD50}.Release|Any CPU.Build.0 = Release|Any CPU
		{E22A4E24-BAD8-4E57-3050-DADF45698DD9}.Debug|Any CPU.ActiveCfg = Debug|Any CPU
		{E22A4E24-BAD8-4E57-3050-DADF45698DD9}.Debug|Any CPU.Build.0 = Debug|Any CPU
		{E22A4E24-BAD8-4E57-3050-DADF45698DD9}.Release|Any CPU.ActiveCfg = Release|Any CPU
		{E22A4E24-BAD8-4E57-3050-DADF45698DD9}.Release|Any CPU.Build.0 = Release|Any CPU
		{350BFE14-8C55-71BF-3CB2-4F2C4A71D1C8}.Debug|Any CPU.ActiveCfg = Debug|Any CPU
		{350BFE14-8C55-71BF-3CB2-4F2C4A71D1C8}.Debug|Any CPU.Build.0 = Debug|Any CPU
		{350BFE14-8C55-71BF-3CB2-4F2C4A71D1C8}.Release|Any CPU.ActiveCfg = Release|Any CPU
		{350BFE14-8C55-71BF-3CB2-4F2C4A71D1C8}.Release|Any CPU.Build.0 = Release|Any CPU
		{13986199-46C3-F0DD-88FB-421E7BDC078E}.Debug|Any CPU.ActiveCfg = Debug|Any CPU
		{13986199-46C3-F0DD-88FB-421E7BDC078E}.Debug|Any CPU.Build.0 = Debug|Any CPU
		{13986199-46C3-F0DD-88FB-421E7BDC078E}.Release|Any CPU.ActiveCfg = Release|Any CPU
		{13986199-46C3-F0DD-88FB-421E7BDC078E}.Release|Any CPU.Build.0 = Release|Any CPU
	EndGlobalSection
	GlobalSection(SolutionProperties) = preSolution
		HideSolutionNode = FALSE
	EndGlobalSection
EndGlobal
